// !$*UTF8*$!
{
	archiveVersion = 1;
	classes = {
	};
	objectVersion = 56;
	objects = {

/* Begin PBXBuildFile section */
		06BB232E298035A800F33623 /* MapViewController.swift in Sources */ = {isa = PBXBuildFile; fileRef = 06BB232D298035A800F33623 /* MapViewController.swift */; };
		06C21562297B644F00C3307C /* AppDelegate.swift in Sources */ = {isa = PBXBuildFile; fileRef = 06C21561297B644F00C3307C /* AppDelegate.swift */; };
		06C21564297B644F00C3307C /* SceneDelegate.swift in Sources */ = {isa = PBXBuildFile; fileRef = 06C21563297B644F00C3307C /* SceneDelegate.swift */; };
		06C21569297B644F00C3307C /* Main.storyboard in Resources */ = {isa = PBXBuildFile; fileRef = 06C21567297B644F00C3307C /* Main.storyboard */; };
		06C2156B297B645200C3307C /* Assets.xcassets in Resources */ = {isa = PBXBuildFile; fileRef = 06C2156A297B645200C3307C /* Assets.xcassets */; };
		06C2156E297B645200C3307C /* LaunchScreen.storyboard in Resources */ = {isa = PBXBuildFile; fileRef = 06C2156C297B645200C3307C /* LaunchScreen.storyboard */; };
		06C21576297B697A00C3307C /* MyTableViewController.swift in Sources */ = {isa = PBXBuildFile; fileRef = 06C21575297B697A00C3307C /* MyTableViewController.swift */; };
		06C21578297C292500C3307C /* CustomTableViewCell.swift in Sources */ = {isa = PBXBuildFile; fileRef = 06C21577297C292500C3307C /* CustomTableViewCell.swift */; };
		06C2157A297C2EFA00C3307C /* PlaceModel.swift in Sources */ = {isa = PBXBuildFile; fileRef = 06C21579297C2EFA00C3307C /* PlaceModel.swift */; };
		06C2157C297C3A0600C3307C /* NewPlaceViewController.swift in Sources */ = {isa = PBXBuildFile; fileRef = 06C2157B297C3A0600C3307C /* NewPlaceViewController.swift */; };
		06C2157E297DE64B00C3307C /* StorageManager.swift in Sources */ = {isa = PBXBuildFile; fileRef = 06C2157D297DE64B00C3307C /* StorageManager.swift */; };
		06C21580297F05B200C3307C /* RatingControl.swift in Sources */ = {isa = PBXBuildFile; fileRef = 06C2157F297F05B200C3307C /* RatingControl.swift */; };
		06ED4CF02981C3060062567A /* MapManager.swift in Sources */ = {isa = PBXBuildFile; fileRef = 06ED4CEF2981C3060062567A /* MapManager.swift */; };
		A07FA7783533298A1F49E661 /* Pods_UITableViewApp.framework in Frameworks */ = {isa = PBXBuildFile; fileRef = 572993EA327D8CB79DF7F9F4 /* Pods_UITableViewApp.framework */; };
/* End PBXBuildFile section */

/* Begin PBXFileReference section */
		06BB232D298035A800F33623 /* MapViewController.swift */ = {isa = PBXFileReference; lastKnownFileType = sourcecode.swift; path = MapViewController.swift; sourceTree = "<group>"; };
		06C2155E297B644F00C3307C /* UITableViewApp.app */ = {isa = PBXFileReference; explicitFileType = wrapper.application; includeInIndex = 0; path = UITableViewApp.app; sourceTree = BUILT_PRODUCTS_DIR; };
		06C21561297B644F00C3307C /* AppDelegate.swift */ = {isa = PBXFileReference; lastKnownFileType = sourcecode.swift; path = AppDelegate.swift; sourceTree = "<group>"; };
		06C21563297B644F00C3307C /* SceneDelegate.swift */ = {isa = PBXFileReference; lastKnownFileType = sourcecode.swift; path = SceneDelegate.swift; sourceTree = "<group>"; };
		06C21568297B644F00C3307C /* Base */ = {isa = PBXFileReference; lastKnownFileType = file.storyboard; name = Base; path = Base.lproj/Main.storyboard; sourceTree = "<group>"; };
		06C2156A297B645200C3307C /* Assets.xcassets */ = {isa = PBXFileReference; lastKnownFileType = folder.assetcatalog; path = Assets.xcassets; sourceTree = "<group>"; };
		06C2156D297B645200C3307C /* Base */ = {isa = PBXFileReference; lastKnownFileType = file.storyboard; name = Base; path = Base.lproj/LaunchScreen.storyboard; sourceTree = "<group>"; };
		06C2156F297B645200C3307C /* Info.plist */ = {isa = PBXFileReference; lastKnownFileType = text.plist.xml; name = Info.plist; path = UITableViewApp/Support/Info.plist; sourceTree = SOURCE_ROOT; };
		06C21575297B697A00C3307C /* MyTableViewController.swift */ = {isa = PBXFileReference; lastKnownFileType = sourcecode.swift; path = MyTableViewController.swift; sourceTree = "<group>"; };
		06C21577297C292500C3307C /* CustomTableViewCell.swift */ = {isa = PBXFileReference; lastKnownFileType = sourcecode.swift; path = CustomTableViewCell.swift; sourceTree = "<group>"; };
		06C21579297C2EFA00C3307C /* PlaceModel.swift */ = {isa = PBXFileReference; lastKnownFileType = sourcecode.swift; path = PlaceModel.swift; sourceTree = "<group>"; };
		06C2157B297C3A0600C3307C /* NewPlaceViewController.swift */ = {isa = PBXFileReference; lastKnownFileType = sourcecode.swift; path = NewPlaceViewController.swift; sourceTree = "<group>"; };
		06C2157D297DE64B00C3307C /* StorageManager.swift */ = {isa = PBXFileReference; lastKnownFileType = sourcecode.swift; path = StorageManager.swift; sourceTree = "<group>"; };
		06C2157F297F05B200C3307C /* RatingControl.swift */ = {isa = PBXFileReference; lastKnownFileType = sourcecode.swift; path = RatingControl.swift; sourceTree = "<group>"; };
		06ED4CEF2981C3060062567A /* MapManager.swift */ = {isa = PBXFileReference; lastKnownFileType = sourcecode.swift; path = MapManager.swift; sourceTree = "<group>"; };
		572993EA327D8CB79DF7F9F4 /* Pods_UITableViewApp.framework */ = {isa = PBXFileReference; explicitFileType = wrapper.framework; includeInIndex = 0; path = Pods_UITableViewApp.framework; sourceTree = BUILT_PRODUCTS_DIR; };
		6084744225C298E2F809E3E2 /* Pods-UITableViewApp.release.xcconfig */ = {isa = PBXFileReference; includeInIndex = 1; lastKnownFileType = text.xcconfig; name = "Pods-UITableViewApp.release.xcconfig"; path = "Target Support Files/Pods-UITableViewApp/Pods-UITableViewApp.release.xcconfig"; sourceTree = "<group>"; };
		6BDCF92613F2425B8FB9E07E /* Pods-UITableViewApp.debug.xcconfig */ = {isa = PBXFileReference; includeInIndex = 1; lastKnownFileType = text.xcconfig; name = "Pods-UITableViewApp.debug.xcconfig"; path = "Target Support Files/Pods-UITableViewApp/Pods-UITableViewApp.debug.xcconfig"; sourceTree = "<group>"; };
/* End PBXFileReference section */

/* Begin PBXFrameworksBuildPhase section */
		06C2155B297B644F00C3307C /* Frameworks */ = {
			isa = PBXFrameworksBuildPhase;
			buildActionMask = 2147483647;
			files = (
				A07FA7783533298A1F49E661 /* Pods_UITableViewApp.framework in Frameworks */,
			);
			runOnlyForDeploymentPostprocessing = 0;
		};
/* End PBXFrameworksBuildPhase section */

/* Begin PBXGroup section */
		06C21555297B644F00C3307C = {
			isa = PBXGroup;
			children = (
				06C21560297B644F00C3307C /* UITableViewApp */,
				06C2155F297B644F00C3307C /* Products */,
				55B84F5A1DBFE91C6EF465AD /* Pods */,
				DDB2624B46DD094406EB2E59 /* Frameworks */,
			);
			sourceTree = "<group>";
		};
		06C2155F297B644F00C3307C /* Products */ = {
			isa = PBXGroup;
			children = (
				06C2155E297B644F00C3307C /* UITableViewApp.app */,
			);
			name = Products;
			sourceTree = "<group>";
		};
		06C21560297B644F00C3307C /* UITableViewApp */ = {
			isa = PBXGroup;
			children = (
				06ED4CF12981DB170062567A /* ViewControllers */,
				06ED4CF32981DB4C0062567A /* Helpers */,
				06ED4CF22981DB390062567A /* Models */,
				06ED4CF42981DB670062567A /* Support */,
				06ED4CF52981DB8A0062567A /* iBuilder */,
			);
			path = UITableViewApp;
			sourceTree = "<group>";
		};
		06ED4CF12981DB170062567A /* ViewControllers */ = {
			isa = PBXGroup;
			children = (
				06C21575297B697A00C3307C /* MyTableViewController.swift */,
				06C21577297C292500C3307C /* CustomTableViewCell.swift */,
				06BB232D298035A800F33623 /* MapViewController.swift */,
				06C2157B297C3A0600C3307C /* NewPlaceViewController.swift */,
			);
			path = ViewControllers;
			sourceTree = "<group>";
		};
		06ED4CF22981DB390062567A /* Models */ = {
			isa = PBXGroup;
			children = (
				06C21579297C2EFA00C3307C /* PlaceModel.swift */,
			);
			path = Models;
			sourceTree = "<group>";
		};
		06ED4CF32981DB4C0062567A /* Helpers */ = {
			isa = PBXGroup;
			children = (
				06C2157D297DE64B00C3307C /* StorageManager.swift */,
				06C2157F297F05B200C3307C /* RatingControl.swift */,
				06ED4CEF2981C3060062567A /* MapManager.swift */,
			);
			path = Helpers;
			sourceTree = "<group>";
		};
		06ED4CF42981DB670062567A /* Support */ = {
			isa = PBXGroup;
			children = (
				06C21563297B644F00C3307C /* SceneDelegate.swift */,
				06C2156F297B645200C3307C /* Info.plist */,
				06C2156A297B645200C3307C /* Assets.xcassets */,
				06C21561297B644F00C3307C /* AppDelegate.swift */,
			);
			path = Support;
			sourceTree = "<group>";
		};
		06ED4CF52981DB8A0062567A /* iBuilder */ = {
			isa = PBXGroup;
			children = (
				06C21567297B644F00C3307C /* Main.storyboard */,
				06C2156C297B645200C3307C /* LaunchScreen.storyboard */,
			);
			path = iBuilder;
			sourceTree = "<group>";
		};
		55B84F5A1DBFE91C6EF465AD /* Pods */ = {
			isa = PBXGroup;
			children = (
				6BDCF92613F2425B8FB9E07E /* Pods-UITableViewApp.debug.xcconfig */,
				6084744225C298E2F809E3E2 /* Pods-UITableViewApp.release.xcconfig */,
			);
			path = Pods;
			sourceTree = "<group>";
		};
		DDB2624B46DD094406EB2E59 /* Frameworks */ = {
			isa = PBXGroup;
			children = (
				572993EA327D8CB79DF7F9F4 /* Pods_UITableViewApp.framework */,
			);
			name = Frameworks;
			sourceTree = "<group>";
		};
/* End PBXGroup section */

/* Begin PBXNativeTarget section */
		06C2155D297B644F00C3307C /* UITableViewApp */ = {
			isa = PBXNativeTarget;
			buildConfigurationList = 06C21572297B645200C3307C /* Build configuration list for PBXNativeTarget "UITableViewApp" */;
			buildPhases = (
				3EA781ECEA52B354B401DA37 /* [CP] Check Pods Manifest.lock */,
				06C2155A297B644F00C3307C /* Sources */,
				06C2155B297B644F00C3307C /* Frameworks */,
				06C2155C297B644F00C3307C /* Resources */,
				BE76BD7E97E9FA83CF2A3C57 /* [CP] Embed Pods Frameworks */,
			);
			buildRules = (
			);
			dependencies = (
			);
			name = UITableViewApp;
			productName = UITableViewApp;
			productReference = 06C2155E297B644F00C3307C /* UITableViewApp.app */;
			productType = "com.apple.product-type.application";
		};
/* End PBXNativeTarget section */

/* Begin PBXProject section */
		06C21556297B644F00C3307C /* Project object */ = {
			isa = PBXProject;
			attributes = {
				BuildIndependentTargetsInParallel = 1;
				LastSwiftUpdateCheck = 1420;
				LastUpgradeCheck = 1420;
				TargetAttributes = {
					06C2155D297B644F00C3307C = {
						CreatedOnToolsVersion = 14.2;
					};
				};
			};
			buildConfigurationList = 06C21559297B644F00C3307C /* Build configuration list for PBXProject "UITableViewApp" */;
			compatibilityVersion = "Xcode 14.0";
			developmentRegion = en;
			hasScannedForEncodings = 0;
			knownRegions = (
				en,
				Base,
			);
			mainGroup = 06C21555297B644F00C3307C;
			productRefGroup = 06C2155F297B644F00C3307C /* Products */;
			projectDirPath = "";
			projectRoot = "";
			targets = (
				06C2155D297B644F00C3307C /* UITableViewApp */,
			);
		};
/* End PBXProject section */

/* Begin PBXResourcesBuildPhase section */
		06C2155C297B644F00C3307C /* Resources */ = {
			isa = PBXResourcesBuildPhase;
			buildActionMask = 2147483647;
			files = (
				06C2156E297B645200C3307C /* LaunchScreen.storyboard in Resources */,
				06C2156B297B645200C3307C /* Assets.xcassets in Resources */,
				06C21569297B644F00C3307C /* Main.storyboard in Resources */,
			);
			runOnlyForDeploymentPostprocessing = 0;
		};
/* End PBXResourcesBuildPhase section */

/* Begin PBXShellScriptBuildPhase section */
		3EA781ECEA52B354B401DA37 /* [CP] Check Pods Manifest.lock */ = {
			isa = PBXShellScriptBuildPhase;
			buildActionMask = 2147483647;
			files = (
			);
			inputFileListPaths = (
			);
			inputPaths = (
				"${PODS_PODFILE_DIR_PATH}/Podfile.lock",
				"${PODS_ROOT}/Manifest.lock",
			);
			name = "[CP] Check Pods Manifest.lock";
			outputFileListPaths = (
			);
			outputPaths = (
				"$(DERIVED_FILE_DIR)/Pods-UITableViewApp-checkManifestLockResult.txt",
			);
			runOnlyForDeploymentPostprocessing = 0;
			shellPath = /bin/sh;
			shellScript = "diff \"${PODS_PODFILE_DIR_PATH}/Podfile.lock\" \"${PODS_ROOT}/Manifest.lock\" > /dev/null\nif [ $? != 0 ] ; then\n    # print error to STDERR\n    echo \"error: The sandbox is not in sync with the Podfile.lock. Run 'pod install' or update your CocoaPods installation.\" >&2\n    exit 1\nfi\n# This output is used by Xcode 'outputs' to avoid re-running this script phase.\necho \"SUCCESS\" > \"${SCRIPT_OUTPUT_FILE_0}\"\n";
			showEnvVarsInLog = 0;
		};
		BE76BD7E97E9FA83CF2A3C57 /* [CP] Embed Pods Frameworks */ = {
			isa = PBXShellScriptBuildPhase;
			buildActionMask = 2147483647;
			files = (
			);
			inputFileListPaths = (
				"${PODS_ROOT}/Target Support Files/Pods-UITableViewApp/Pods-UITableViewApp-frameworks-${CONFIGURATION}-input-files.xcfilelist",
			);
			name = "[CP] Embed Pods Frameworks";
			outputFileListPaths = (
				"${PODS_ROOT}/Target Support Files/Pods-UITableViewApp/Pods-UITableViewApp-frameworks-${CONFIGURATION}-output-files.xcfilelist",
			);
			runOnlyForDeploymentPostprocessing = 0;
			shellPath = /bin/sh;
			shellScript = "\"${PODS_ROOT}/Target Support Files/Pods-UITableViewApp/Pods-UITableViewApp-frameworks.sh\"\n";
			showEnvVarsInLog = 0;
		};
/* End PBXShellScriptBuildPhase section */

/* Begin PBXSourcesBuildPhase section */
		06C2155A297B644F00C3307C /* Sources */ = {
			isa = PBXSourcesBuildPhase;
			buildActionMask = 2147483647;
			files = (
				06C21562297B644F00C3307C /* AppDelegate.swift in Sources */,
				06C2157C297C3A0600C3307C /* NewPlaceViewController.swift in Sources */,
				06C21576297B697A00C3307C /* MyTableViewController.swift in Sources */,
				06C2157E297DE64B00C3307C /* StorageManager.swift in Sources */,
				06BB232E298035A800F33623 /* MapViewController.swift in Sources */,
				06C21580297F05B200C3307C /* RatingControl.swift in Sources */,
				06ED4CF02981C3060062567A /* MapManager.swift in Sources */,
				06C2157A297C2EFA00C3307C /* PlaceModel.swift in Sources */,
				06C21578297C292500C3307C /* CustomTableViewCell.swift in Sources */,
				06C21564297B644F00C3307C /* SceneDelegate.swift in Sources */,
			);
			runOnlyForDeploymentPostprocessing = 0;
		};
/* End PBXSourcesBuildPhase section */

/* Begin PBXVariantGroup section */
		06C21567297B644F00C3307C /* Main.storyboard */ = {
			isa = PBXVariantGroup;
			children = (
				06C21568297B644F00C3307C /* Base */,
			);
			name = Main.storyboard;
			sourceTree = "<group>";
		};
		06C2156C297B645200C3307C /* LaunchScreen.storyboard */ = {
			isa = PBXVariantGroup;
			children = (
				06C2156D297B645200C3307C /* Base */,
			);
			name = LaunchScreen.storyboard;
			sourceTree = "<group>";
		};
/* End PBXVariantGroup section */

/* Begin XCBuildConfiguration section */
		06C21570297B645200C3307C /* Debug */ = {
			isa = XCBuildConfiguration;
			buildSettings = {
				ALWAYS_SEARCH_USER_PATHS = NO;
				CLANG_ANALYZER_NONNULL = YES;
				CLANG_ANALYZER_NUMBER_OBJECT_CONVERSION = YES_AGGRESSIVE;
				CLANG_CXX_LANGUAGE_STANDARD = "gnu++20";
				CLANG_ENABLE_MODULES = YES;
				CLANG_ENABLE_OBJC_ARC = YES;
				CLANG_ENABLE_OBJC_WEAK = YES;
				CLANG_WARN_BLOCK_CAPTURE_AUTORELEASING = YES;
				CLANG_WARN_BOOL_CONVERSION = YES;
				CLANG_WARN_COMMA = YES;
				CLANG_WARN_CONSTANT_CONVERSION = YES;
				CLANG_WARN_DEPRECATED_OBJC_IMPLEMENTATIONS = YES;
				CLANG_WARN_DIRECT_OBJC_ISA_USAGE = YES_ERROR;
				CLANG_WARN_DOCUMENTATION_COMMENTS = YES;
				CLANG_WARN_EMPTY_BODY = YES;
				CLANG_WARN_ENUM_CONVERSION = YES;
				CLANG_WARN_INFINITE_RECURSION = YES;
				CLANG_WARN_INT_CONVERSION = YES;
				CLANG_WARN_NON_LITERAL_NULL_CONVERSION = YES;
				CLANG_WARN_OBJC_IMPLICIT_RETAIN_SELF = YES;
				CLANG_WARN_OBJC_LITERAL_CONVERSION = YES;
				CLANG_WARN_OBJC_ROOT_CLASS = YES_ERROR;
				CLANG_WARN_QUOTED_INCLUDE_IN_FRAMEWORK_HEADER = YES;
				CLANG_WARN_RANGE_LOOP_ANALYSIS = YES;
				CLANG_WARN_STRICT_PROTOTYPES = YES;
				CLANG_WARN_SUSPICIOUS_MOVE = YES;
				CLANG_WARN_UNGUARDED_AVAILABILITY = YES_AGGRESSIVE;
				CLANG_WARN_UNREACHABLE_CODE = YES;
				CLANG_WARN__DUPLICATE_METHOD_MATCH = YES;
				COPY_PHASE_STRIP = NO;
				DEBUG_INFORMATION_FORMAT = dwarf;
				ENABLE_STRICT_OBJC_MSGSEND = YES;
				ENABLE_TESTABILITY = YES;
				GCC_C_LANGUAGE_STANDARD = gnu11;
				GCC_DYNAMIC_NO_PIC = NO;
				GCC_NO_COMMON_BLOCKS = YES;
				GCC_OPTIMIZATION_LEVEL = 0;
				GCC_PREPROCESSOR_DEFINITIONS = (
					"DEBUG=1",
					"$(inherited)",
				);
				GCC_WARN_64_TO_32_BIT_CONVERSION = YES;
				GCC_WARN_ABOUT_RETURN_TYPE = YES_ERROR;
				GCC_WARN_UNDECLARED_SELECTOR = YES;
				GCC_WARN_UNINITIALIZED_AUTOS = YES_AGGRESSIVE;
				GCC_WARN_UNUSED_FUNCTION = YES;
				GCC_WARN_UNUSED_VARIABLE = YES;
				IPHONEOS_DEPLOYMENT_TARGET = 16.2;
				MTL_ENABLE_DEBUG_INFO = INCLUDE_SOURCE;
				MTL_FAST_MATH = YES;
				ONLY_ACTIVE_ARCH = YES;
				SDKROOT = iphoneos;
				SWIFT_ACTIVE_COMPILATION_CONDITIONS = DEBUG;
				SWIFT_OPTIMIZATION_LEVEL = "-Onone";
			};
			name = Debug;
		};
		06C21571297B645200C3307C /* Release */ = {
			isa = XCBuildConfiguration;
			buildSettings = {
				ALWAYS_SEARCH_USER_PATHS = NO;
				CLANG_ANALYZER_NONNULL = YES;
				CLANG_ANALYZER_NUMBER_OBJECT_CONVERSION = YES_AGGRESSIVE;
				CLANG_CXX_LANGUAGE_STANDARD = "gnu++20";
				CLANG_ENABLE_MODULES = YES;
				CLANG_ENABLE_OBJC_ARC = YES;
				CLANG_ENABLE_OBJC_WEAK = YES;
				CLANG_WARN_BLOCK_CAPTURE_AUTORELEASING = YES;
				CLANG_WARN_BOOL_CONVERSION = YES;
				CLANG_WARN_COMMA = YES;
				CLANG_WARN_CONSTANT_CONVERSION = YES;
				CLANG_WARN_DEPRECATED_OBJC_IMPLEMENTATIONS = YES;
				CLANG_WARN_DIRECT_OBJC_ISA_USAGE = YES_ERROR;
				CLANG_WARN_DOCUMENTATION_COMMENTS = YES;
				CLANG_WARN_EMPTY_BODY = YES;
				CLANG_WARN_ENUM_CONVERSION = YES;
				CLANG_WARN_INFINITE_RECURSION = YES;
				CLANG_WARN_INT_CONVERSION = YES;
				CLANG_WARN_NON_LITERAL_NULL_CONVERSION = YES;
				CLANG_WARN_OBJC_IMPLICIT_RETAIN_SELF = YES;
				CLANG_WARN_OBJC_LITERAL_CONVERSION = YES;
				CLANG_WARN_OBJC_ROOT_CLASS = YES_ERROR;
				CLANG_WARN_QUOTED_INCLUDE_IN_FRAMEWORK_HEADER = YES;
				CLANG_WARN_RANGE_LOOP_ANALYSIS = YES;
				CLANG_WARN_STRICT_PROTOTYPES = YES;
				CLANG_WARN_SUSPICIOUS_MOVE = YES;
				CLANG_WARN_UNGUARDED_AVAILABILITY = YES_AGGRESSIVE;
				CLANG_WARN_UNREACHABLE_CODE = YES;
				CLANG_WARN__DUPLICATE_METHOD_MATCH = YES;
				COPY_PHASE_STRIP = NO;
				DEBUG_INFORMATION_FORMAT = "dwarf-with-dsym";
				ENABLE_NS_ASSERTIONS = NO;
				ENABLE_STRICT_OBJC_MSGSEND = YES;
				GCC_C_LANGUAGE_STANDARD = gnu11;
				GCC_NO_COMMON_BLOCKS = YES;
				GCC_WARN_64_TO_32_BIT_CONVERSION = YES;
				GCC_WARN_ABOUT_RETURN_TYPE = YES_ERROR;
				GCC_WARN_UNDECLARED_SELECTOR = YES;
				GCC_WARN_UNINITIALIZED_AUTOS = YES_AGGRESSIVE;
				GCC_WARN_UNUSED_FUNCTION = YES;
				GCC_WARN_UNUSED_VARIABLE = YES;
				IPHONEOS_DEPLOYMENT_TARGET = 16.2;
				MTL_ENABLE_DEBUG_INFO = NO;
				MTL_FAST_MATH = YES;
				SDKROOT = iphoneos;
				SWIFT_COMPILATION_MODE = wholemodule;
				SWIFT_OPTIMIZATION_LEVEL = "-O";
				VALIDATE_PRODUCT = YES;
			};
			name = Release;
		};
		06C21573297B645200C3307C /* Debug */ = {
			isa = XCBuildConfiguration;
			baseConfigurationReference = 6BDCF92613F2425B8FB9E07E /* Pods-UITableViewApp.debug.xcconfig */;
			buildSettings = {
				ASSETCATALOG_COMPILER_APPICON_NAME = AppIcon;
				ASSETCATALOG_COMPILER_GLOBAL_ACCENT_COLOR_NAME = AccentColor;
				CODE_SIGN_STYLE = Automatic;
				CURRENT_PROJECT_VERSION = 1;
				GENERATE_INFOPLIST_FILE = YES;
				INFOPLIST_FILE = UITableViewApp/Support/Info.plist;
				INFOPLIST_KEY_UIApplicationSupportsIndirectInputEvents = YES;
				INFOPLIST_KEY_UILaunchStoryboardName = LaunchScreen;
				INFOPLIST_KEY_UIMainStoryboardFile = Main;
				INFOPLIST_KEY_UISupportedInterfaceOrientations_iPad = "UIInterfaceOrientationPortrait UIInterfaceOrientationPortraitUpsideDown UIInterfaceOrientationLandscapeLeft UIInterfaceOrientationLandscapeRight";
				INFOPLIST_KEY_UISupportedInterfaceOrientations_iPhone = "UIInterfaceOrientationPortrait UIInterfaceOrientationLandscapeLeft UIInterfaceOrientationLandscapeRight";
				LD_RUNPATH_SEARCH_PATHS = (
					"$(inherited)",
					"@executable_path/Frameworks",
				);
				MARKETING_VERSION = 1.0;
				PRODUCT_BUNDLE_IDENTIFIER = mallwalkers.UITableViewApp;
				PRODUCT_NAME = "$(TARGET_NAME)";
				SWIFT_EMIT_LOC_STRINGS = YES;
				SWIFT_VERSION = 5.0;
				TARGETED_DEVICE_FAMILY = "1,2";
			};
			name = Debug;
		};
		06C21574297B645200C3307C /* Release */ = {
			isa = XCBuildConfiguration;
			baseConfigurationReference = 6084744225C298E2F809E3E2 /* Pods-UITableViewApp.release.xcconfig */;
			buildSettings = {
				ASSETCATALOG_COMPILER_APPICON_NAME = AppIcon;
				ASSETCATALOG_COMPILER_GLOBAL_ACCENT_COLOR_NAME = AccentColor;
				CODE_SIGN_STYLE = Automatic;
				CURRENT_PROJECT_VERSION = 1;
				GENERATE_INFOPLIST_FILE = YES;
				INFOPLIST_FILE = UITableViewApp/Support/Info.plist;
				INFOPLIST_KEY_UIApplicationSupportsIndirectInputEvents = YES;
				INFOPLIST_KEY_UILaunchStoryboardName = LaunchScreen;
				INFOPLIST_KEY_UIMainStoryboardFile = Main;
				INFOPLIST_KEY_UISupportedInterfaceOrientations_iPad = "UIInterfaceOrientationPortrait UIInterfaceOrientationPortraitUpsideDown UIInterfaceOrientationLandscapeLeft UIInterfaceOrientationLandscapeRight";
				INFOPLIST_KEY_UISupportedInterfaceOrientations_iPhone = "UIInterfaceOrientationPortrait UIInterfaceOrientationLandscapeLeft UIInterfaceOrientationLandscapeRight";
				LD_RUNPATH_SEARCH_PATHS = (
					"$(inherited)",
					"@executable_path/Frameworks",
				);
				MARKETING_VERSION = 1.0;
				PRODUCT_BUNDLE_IDENTIFIER = mallwalkers.UITableViewApp;
				PRODUCT_NAME = "$(TARGET_NAME)";
				SWIFT_EMIT_LOC_STRINGS = YES;
				SWIFT_VERSION = 5.0;
				TARGETED_DEVICE_FAMILY = "1,2";
			};
			name = Release;
		};
/* End XCBuildConfiguration section */

/* Begin XCConfigurationList section */
		06C21559297B644F00C3307C /* Build configuration list for PBXProject "UITableViewApp" */ = {
			isa = XCConfigurationList;
			buildConfigurations = (
				06C21570297B645200C3307C /* Debug */,
				06C21571297B645200C3307C /* Release */,
			);
			defaultConfigurationIsVisible = 0;
			defaultConfigurationName = Release;
		};
		06C21572297B645200C3307C /* Build configuration list for PBXNativeTarget "UITableViewApp" */ = {
			isa = XCConfigurationList;
			buildConfigurations = (
				06C21573297B645200C3307C /* Debug */,
				06C21574297B645200C3307C /* Release */,
			);
			defaultConfigurationIsVisible = 0;
			defaultConfigurationName = Release;
		};
/* End XCConfigurationList section */
	};
	rootObject = 06C21556297B644F00C3307C /* Project object */;
}
